// !$*UTF8*$!
{
	archiveVersion = 1;
	classes = {
	};
	objectVersion = 46;
	objects = {

/* Begin PBXBuildFile section */
		DF0365E91E037622007A4D77 /* CameraNavigationController.swift in Sources */ = {isa = PBXBuildFile; fileRef = DF0365E81E037622007A4D77 /* CameraNavigationController.swift */; };
		DF0E36001D9E6FED00C66351 /* AccountTableViewCell.swift in Sources */ = {isa = PBXBuildFile; fileRef = DF0E35FF1D9E6FED00C66351 /* AccountTableViewCell.swift */; };
		DF18E71F1DF3651C00C5AEF6 /* AddAccountInvalidInput.swift in Sources */ = {isa = PBXBuildFile; fileRef = DF18E71E1DF3651C00C5AEF6 /* AddAccountInvalidInput.swift */; };
		DF18E7201DF3651C00C5AEF6 /* AddAccountInvalidInput.swift in Sources */ = {isa = PBXBuildFile; fileRef = DF18E71E1DF3651C00C5AEF6 /* AddAccountInvalidInput.swift */; };
		DF18E7221DF371A500C5AEF6 /* AddManualViewController+UITextFieldDelegate.swift in Sources */ = {isa = PBXBuildFile; fileRef = DF18E7211DF371A500C5AEF6 /* AddManualViewController+UITextFieldDelegate.swift */; };
		DF18E7241DF37FA700C5AEF6 /* Pasteboard.swift in Sources */ = {isa = PBXBuildFile; fileRef = DF18E7231DF37FA700C5AEF6 /* Pasteboard.swift */; };
		DF18E7251DF37FA700C5AEF6 /* Pasteboard.swift in Sources */ = {isa = PBXBuildFile; fileRef = DF18E7231DF37FA700C5AEF6 /* Pasteboard.swift */; };
		DF1A78AC1D9A7C3D00CEDE7C /* OTPAccount.swift in Sources */ = {isa = PBXBuildFile; fileRef = DF1A78AB1D9A7C3D00CEDE7C /* OTPAccount.swift */; };
		DF1A78AD1D9A7C3D00CEDE7C /* OTPAccount.swift in Sources */ = {isa = PBXBuildFile; fileRef = DF1A78AB1D9A7C3D00CEDE7C /* OTPAccount.swift */; };
		DF2B75691D9F9E05003B9242 /* OTPAccountStore.swift in Sources */ = {isa = PBXBuildFile; fileRef = DF2B75681D9F9E05003B9242 /* OTPAccountStore.swift */; };
		DF2B756A1D9F9E05003B9242 /* OTPAccountStore.swift in Sources */ = {isa = PBXBuildFile; fileRef = DF2B75681D9F9E05003B9242 /* OTPAccountStore.swift */; };
		DF2B756C1D9FBFB1003B9242 /* Collection+Split.swift in Sources */ = {isa = PBXBuildFile; fileRef = DF2B756B1D9FBFB1003B9242 /* Collection+Split.swift */; };
		DF2B756D1D9FBFB1003B9242 /* Collection+Split.swift in Sources */ = {isa = PBXBuildFile; fileRef = DF2B756B1D9FBFB1003B9242 /* Collection+Split.swift */; };
		DF37B49D1DA138E900A655D1 /* VerticalProgressView.swift in Sources */ = {isa = PBXBuildFile; fileRef = DF37B49C1DA138E900A655D1 /* VerticalProgressView.swift */; };
		DF3BECB41E03B99300395369 /* UIViewController+Alert.swift in Sources */ = {isa = PBXBuildFile; fileRef = DF3BECB31E03B99300395369 /* UIViewController+Alert.swift */; };
		DF3DB2F51DFFC91D004163F9 /* QRCodeScanner.swift in Sources */ = {isa = PBXBuildFile; fileRef = DF3DB2F41DFFC91D004163F9 /* QRCodeScanner.swift */; };
		DF446B631E0387B4001F91A1 /* OTPURI.Keys.swift in Sources */ = {isa = PBXBuildFile; fileRef = DF446B621E0387B4001F91A1 /* OTPURI.Keys.swift */; };
		DF446B651E038871001F91A1 /* OTPURI.Types.swift in Sources */ = {isa = PBXBuildFile; fileRef = DF446B641E038871001F91A1 /* OTPURI.Types.swift */; };
		DF544A921D9DE5E0005F7D9E /* AccountsTableViewController.swift in Sources */ = {isa = PBXBuildFile; fileRef = DF544A911D9DE5E0005F7D9E /* AccountsTableViewController.swift */; };
		DF5743A31E0900760061FBF5 /* ExportViewController.swift in Sources */ = {isa = PBXBuildFile; fileRef = DF5743A21E0900760061FBF5 /* ExportViewController.swift */; };
		DF591CD21DEC08C700F6B0BC /* AppRealm.swift in Sources */ = {isa = PBXBuildFile; fileRef = DF591CD11DEC08C700F6B0BC /* AppRealm.swift */; };
		DF591CD31DEC08C700F6B0BC /* AppRealm.swift in Sources */ = {isa = PBXBuildFile; fileRef = DF591CD11DEC08C700F6B0BC /* AppRealm.swift */; };
		DF61E52F1D9A144F00DA2607 /* Realm.framework in Frameworks */ = {isa = PBXBuildFile; fileRef = DF61E52D1D9A144F00DA2607 /* Realm.framework */; };
		DF61E5301D9A144F00DA2607 /* RealmSwift.framework in Frameworks */ = {isa = PBXBuildFile; fileRef = DF61E52E1D9A144F00DA2607 /* RealmSwift.framework */; };
		DF61E5331D9A150100DA2607 /* Realm.framework in Frameworks */ = {isa = PBXBuildFile; fileRef = DF61E5311D9A150100DA2607 /* Realm.framework */; };
		DF61E5341D9A150100DA2607 /* Realm.framework in Embed Frameworks */ = {isa = PBXBuildFile; fileRef = DF61E5311D9A150100DA2607 /* Realm.framework */; settings = {ATTRIBUTES = (CodeSignOnCopy, RemoveHeadersOnCopy, ); }; };
		DF61E5351D9A150100DA2607 /* RealmSwift.framework in Frameworks */ = {isa = PBXBuildFile; fileRef = DF61E5321D9A150100DA2607 /* RealmSwift.framework */; };
		DF61E5361D9A150100DA2607 /* RealmSwift.framework in Embed Frameworks */ = {isa = PBXBuildFile; fileRef = DF61E5321D9A150100DA2607 /* RealmSwift.framework */; settings = {ATTRIBUTES = (CodeSignOnCopy, RemoveHeadersOnCopy, ); }; };
		DF61E5391D9A154300DA2607 /* Realm.framework.dSYM in Carthage Copy Debug Symbols */ = {isa = PBXBuildFile; fileRef = DF61E5371D9A154300DA2607 /* Realm.framework.dSYM */; };
		DF61E53A1D9A154300DA2607 /* RealmSwift.framework.dSYM in Carthage Copy Debug Symbols */ = {isa = PBXBuildFile; fileRef = DF61E5381D9A154300DA2607 /* RealmSwift.framework.dSYM */; };
		DF61E53D1D9A18DA00DA2607 /* RealmDefaults.swift in Sources */ = {isa = PBXBuildFile; fileRef = DF61E53C1D9A18DA00DA2607 /* RealmDefaults.swift */; };
		DF61E53E1D9A18DA00DA2607 /* RealmDefaults.swift in Sources */ = {isa = PBXBuildFile; fileRef = DF61E53C1D9A18DA00DA2607 /* RealmDefaults.swift */; };
		DF61E54D1D9A268900DA2607 /* RealmKey.swift in Sources */ = {isa = PBXBuildFile; fileRef = DF61E54C1D9A268900DA2607 /* RealmKey.swift */; };
		DF61E54E1D9A268900DA2607 /* RealmKey.swift in Sources */ = {isa = PBXBuildFile; fileRef = DF61E54C1D9A268900DA2607 /* RealmKey.swift */; };
		DF92B7E11DF8F0D300FD82BD /* ScanViewController.swift in Sources */ = {isa = PBXBuildFile; fileRef = DF92B7E01DF8F0D300FD82BD /* ScanViewController.swift */; };
		DF92B7E31DF8F2D600FD82BD /* CameraController.swift in Sources */ = {isa = PBXBuildFile; fileRef = DF92B7E21DF8F2D600FD82BD /* CameraController.swift */; };
		DFE07DD71E09FCD1009572F6 /* QRSwift.framework in Frameworks */ = {isa = PBXBuildFile; fileRef = DFE07DD61E09FCD1009572F6 /* QRSwift.framework */; };
		DFE07DD91E09FCE6009572F6 /* QRSwift.framework in Frameworks */ = {isa = PBXBuildFile; fileRef = DFE07DD81E09FCE6009572F6 /* QRSwift.framework */; };
		DFE07DDA1E09FCE6009572F6 /* QRSwift.framework in Embed Frameworks */ = {isa = PBXBuildFile; fileRef = DFE07DD81E09FCE6009572F6 /* QRSwift.framework */; settings = {ATTRIBUTES = (CodeSignOnCopy, RemoveHeadersOnCopy, ); }; };
		DFE07DDC1E09FD1C009572F6 /* QRSwift.framework.dSYM in Carthage Copy Debug Symbols */ = {isa = PBXBuildFile; fileRef = DFE07DDB1E09FD1C009572F6 /* QRSwift.framework.dSYM */; };
		DFE7F05A1D9534A000B8E15B /* AppDelegate.swift in Sources */ = {isa = PBXBuildFile; fileRef = DFE7F0591D9534A000B8E15B /* AppDelegate.swift */; };
		DFE7F05F1D9534A000B8E15B /* Main.storyboard in Resources */ = {isa = PBXBuildFile; fileRef = DFE7F05D1D9534A000B8E15B /* Main.storyboard */; };
		DFE7F0611D9534A000B8E15B /* Assets.xcassets in Resources */ = {isa = PBXBuildFile; fileRef = DFE7F0601D9534A000B8E15B /* Assets.xcassets */; };
		DFE7F0641D9534A000B8E15B /* LaunchScreen.storyboard in Resources */ = {isa = PBXBuildFile; fileRef = DFE7F0621D9534A000B8E15B /* LaunchScreen.storyboard */; };
		DFE7F06F1D9534A000B8E15B /* Codegen_iOSUITests.swift in Sources */ = {isa = PBXBuildFile; fileRef = DFE7F06E1D9534A000B8E15B /* Codegen_iOSUITests.swift */; };
		DFE7F07E1D95353F00B8E15B /* AppDelegate.swift in Sources */ = {isa = PBXBuildFile; fileRef = DFE7F07D1D95353F00B8E15B /* AppDelegate.swift */; };
		DFE7F0801D95353F00B8E15B /* ViewController.swift in Sources */ = {isa = PBXBuildFile; fileRef = DFE7F07F1D95353F00B8E15B /* ViewController.swift */; };
		DFE7F0821D95353F00B8E15B /* Assets.xcassets in Resources */ = {isa = PBXBuildFile; fileRef = DFE7F0811D95353F00B8E15B /* Assets.xcassets */; };
		DFE7F0851D95353F00B8E15B /* Main.storyboard in Resources */ = {isa = PBXBuildFile; fileRef = DFE7F0831D95353F00B8E15B /* Main.storyboard */; };
		DFE7F0901D95353F00B8E15B /* Codegen_macOSUITests.swift in Sources */ = {isa = PBXBuildFile; fileRef = DFE7F08F1D95353F00B8E15B /* Codegen_macOSUITests.swift */; };
		DFE7F09B1D95395B00B8E15B /* CryptoKit.framework in Frameworks */ = {isa = PBXBuildFile; fileRef = DFE7F0991D95395B00B8E15B /* CryptoKit.framework */; };
		DFE7F09C1D95395B00B8E15B /* OTPKit.framework in Frameworks */ = {isa = PBXBuildFile; fileRef = DFE7F09A1D95395B00B8E15B /* OTPKit.framework */; };
		DFE7F0A31D953A6300B8E15B /* CryptoKit.framework in Frameworks */ = {isa = PBXBuildFile; fileRef = DFE7F09E1D95397C00B8E15B /* CryptoKit.framework */; };
		DFE7F0A41D953A6300B8E15B /* CryptoKit.framework in Embed Frameworks */ = {isa = PBXBuildFile; fileRef = DFE7F09E1D95397C00B8E15B /* CryptoKit.framework */; settings = {ATTRIBUTES = (CodeSignOnCopy, RemoveHeadersOnCopy, ); }; };
		DFE7F0A51D953A6300B8E15B /* OTPKit.framework in Frameworks */ = {isa = PBXBuildFile; fileRef = DFE7F09F1D95397C00B8E15B /* OTPKit.framework */; };
		DFE7F0A61D953A6300B8E15B /* OTPKit.framework in Embed Frameworks */ = {isa = PBXBuildFile; fileRef = DFE7F09F1D95397C00B8E15B /* OTPKit.framework */; settings = {ATTRIBUTES = (CodeSignOnCopy, RemoveHeadersOnCopy, ); }; };
		DFE7F0AB1D953AC000B8E15B /* CryptoKit.framework.dSYM in Carthage Copy Debug Symbols */ = {isa = PBXBuildFile; fileRef = DFE7F0A91D953AC000B8E15B /* CryptoKit.framework.dSYM */; };
		DFE7F0AC1D953AC000B8E15B /* OTPKit.framework.dSYM in Carthage Copy Debug Symbols */ = {isa = PBXBuildFile; fileRef = DFE7F0AA1D953AC000B8E15B /* OTPKit.framework.dSYM */; };
		DFEB3FE21D9D2AA800A65A48 /* OTPAccount.Defaults.swift in Sources */ = {isa = PBXBuildFile; fileRef = DFEB3FE11D9D2AA800A65A48 /* OTPAccount.Defaults.swift */; };
		DFEB3FE31D9D2AA800A65A48 /* OTPAccount.Defaults.swift in Sources */ = {isa = PBXBuildFile; fileRef = DFEB3FE11D9D2AA800A65A48 /* OTPAccount.Defaults.swift */; };
		DFF9EFAD1D9D05DA00EF36C6 /* OTPURI.swift in Sources */ = {isa = PBXBuildFile; fileRef = DFF9EFAC1D9D05DA00EF36C6 /* OTPURI.swift */; };
		DFF9EFAE1D9D05DA00EF36C6 /* OTPURI.swift in Sources */ = {isa = PBXBuildFile; fileRef = DFF9EFAC1D9D05DA00EF36C6 /* OTPURI.swift */; };
		DFF9EFB01D9D06CB00EF36C6 /* OTPAccount+OTPURI.swift in Sources */ = {isa = PBXBuildFile; fileRef = DFF9EFAF1D9D06CB00EF36C6 /* OTPAccount+OTPURI.swift */; };
		DFF9EFB11D9D06CB00EF36C6 /* OTPAccount+OTPURI.swift in Sources */ = {isa = PBXBuildFile; fileRef = DFF9EFAF1D9D06CB00EF36C6 /* OTPAccount+OTPURI.swift */; };
		DFF9EFB31D9D093000EF36C6 /* HashFunction+Raw.swift in Sources */ = {isa = PBXBuildFile; fileRef = DFF9EFB21D9D093000EF36C6 /* HashFunction+Raw.swift */; };
		DFF9EFB41D9D093000EF36C6 /* HashFunction+Raw.swift in Sources */ = {isa = PBXBuildFile; fileRef = DFF9EFB21D9D093000EF36C6 /* HashFunction+Raw.swift */; };
		DFFB27A51DAB1C74009C3088 /* AddManualViewController.swift in Sources */ = {isa = PBXBuildFile; fileRef = DFFB27A41DAB1C74009C3088 /* AddManualViewController.swift */; };
		DFFBC4531E0DD409009702D4 /* MainNavigationController.swift in Sources */ = {isa = PBXBuildFile; fileRef = DFFBC4521E0DD409009702D4 /* MainNavigationController.swift */; };
/* End PBXBuildFile section */

/* Begin PBXContainerItemProxy section */
		DFE7F06B1D9534A000B8E15B /* PBXContainerItemProxy */ = {
			isa = PBXContainerItemProxy;
			containerPortal = DFE7F04C1D95345800B8E15B /* Project object */;
			proxyType = 1;
			remoteGlobalIDString = DFE7F0551D9534A000B8E15B;
			remoteInfo = "Codegen iOS";
		};
		DFE7F08C1D95353F00B8E15B /* PBXContainerItemProxy */ = {
			isa = PBXContainerItemProxy;
			containerPortal = DFE7F04C1D95345800B8E15B /* Project object */;
			proxyType = 1;
			remoteGlobalIDString = DFE7F07A1D95353E00B8E15B;
			remoteInfo = "Codegen macOS";
		};
/* End PBXContainerItemProxy section */

/* Begin PBXCopyFilesBuildPhase section */
		DFE7F0A71D953A6300B8E15B /* Embed Frameworks */ = {
			isa = PBXCopyFilesBuildPhase;
			buildActionMask = 2147483647;
			dstPath = "";
			dstSubfolderSpec = 10;
			files = (
				DF61E5341D9A150100DA2607 /* Realm.framework in Embed Frameworks */,
				DFE7F0A41D953A6300B8E15B /* CryptoKit.framework in Embed Frameworks */,
				DF61E5361D9A150100DA2607 /* RealmSwift.framework in Embed Frameworks */,
				DFE7F0A61D953A6300B8E15B /* OTPKit.framework in Embed Frameworks */,
				DFE07DDA1E09FCE6009572F6 /* QRSwift.framework in Embed Frameworks */,
			);
			name = "Embed Frameworks";
			runOnlyForDeploymentPostprocessing = 0;
		};
		DFE7F0A81D953A9A00B8E15B /* Carthage Copy Debug Symbols */ = {
			isa = PBXCopyFilesBuildPhase;
			buildActionMask = 2147483647;
			dstPath = "";
			dstSubfolderSpec = 16;
			files = (
				DFE7F0AB1D953AC000B8E15B /* CryptoKit.framework.dSYM in Carthage Copy Debug Symbols */,
				DFE7F0AC1D953AC000B8E15B /* OTPKit.framework.dSYM in Carthage Copy Debug Symbols */,
				DF61E5391D9A154300DA2607 /* Realm.framework.dSYM in Carthage Copy Debug Symbols */,
				DF61E53A1D9A154300DA2607 /* RealmSwift.framework.dSYM in Carthage Copy Debug Symbols */,
				DFE07DDC1E09FD1C009572F6 /* QRSwift.framework.dSYM in Carthage Copy Debug Symbols */,
			);
			name = "Carthage Copy Debug Symbols";
			runOnlyForDeploymentPostprocessing = 0;
		};
/* End PBXCopyFilesBuildPhase section */

/* Begin PBXFileReference section */
		DF0365E81E037622007A4D77 /* CameraNavigationController.swift */ = {isa = PBXFileReference; fileEncoding = 4; lastKnownFileType = sourcecode.swift; path = CameraNavigationController.swift; sourceTree = "<group>"; };
		DF0E35FF1D9E6FED00C66351 /* AccountTableViewCell.swift */ = {isa = PBXFileReference; fileEncoding = 4; lastKnownFileType = sourcecode.swift; path = AccountTableViewCell.swift; sourceTree = "<group>"; };
		DF18E71E1DF3651C00C5AEF6 /* AddAccountInvalidInput.swift */ = {isa = PBXFileReference; fileEncoding = 4; lastKnownFileType = sourcecode.swift; path = AddAccountInvalidInput.swift; sourceTree = "<group>"; };
		DF18E7211DF371A500C5AEF6 /* AddManualViewController+UITextFieldDelegate.swift */ = {isa = PBXFileReference; fileEncoding = 4; lastKnownFileType = sourcecode.swift; path = "AddManualViewController+UITextFieldDelegate.swift"; sourceTree = "<group>"; };
		DF18E7231DF37FA700C5AEF6 /* Pasteboard.swift */ = {isa = PBXFileReference; fileEncoding = 4; lastKnownFileType = sourcecode.swift; path = Pasteboard.swift; sourceTree = "<group>"; };
		DF1A78AB1D9A7C3D00CEDE7C /* OTPAccount.swift */ = {isa = PBXFileReference; fileEncoding = 4; lastKnownFileType = sourcecode.swift; path = OTPAccount.swift; sourceTree = "<group>"; };
		DF2B75681D9F9E05003B9242 /* OTPAccountStore.swift */ = {isa = PBXFileReference; fileEncoding = 4; lastKnownFileType = sourcecode.swift; path = OTPAccountStore.swift; sourceTree = "<group>"; };
		DF2B756B1D9FBFB1003B9242 /* Collection+Split.swift */ = {isa = PBXFileReference; fileEncoding = 4; lastKnownFileType = sourcecode.swift; path = "Collection+Split.swift"; sourceTree = "<group>"; };
		DF37B49C1DA138E900A655D1 /* VerticalProgressView.swift */ = {isa = PBXFileReference; fileEncoding = 4; lastKnownFileType = sourcecode.swift; path = VerticalProgressView.swift; sourceTree = "<group>"; };
		DF3BECB31E03B99300395369 /* UIViewController+Alert.swift */ = {isa = PBXFileReference; fileEncoding = 4; lastKnownFileType = sourcecode.swift; path = "UIViewController+Alert.swift"; sourceTree = "<group>"; };
		DF3DB2F41DFFC91D004163F9 /* QRCodeScanner.swift */ = {isa = PBXFileReference; fileEncoding = 4; lastKnownFileType = sourcecode.swift; path = QRCodeScanner.swift; sourceTree = "<group>"; };
		DF446B621E0387B4001F91A1 /* OTPURI.Keys.swift */ = {isa = PBXFileReference; fileEncoding = 4; lastKnownFileType = sourcecode.swift; path = OTPURI.Keys.swift; sourceTree = "<group>"; };
		DF446B641E038871001F91A1 /* OTPURI.Types.swift */ = {isa = PBXFileReference; fileEncoding = 4; lastKnownFileType = sourcecode.swift; path = OTPURI.Types.swift; sourceTree = "<group>"; };
		DF544A911D9DE5E0005F7D9E /* AccountsTableViewController.swift */ = {isa = PBXFileReference; fileEncoding = 4; lastKnownFileType = sourcecode.swift; path = AccountsTableViewController.swift; sourceTree = "<group>"; };
		DF5743A21E0900760061FBF5 /* ExportViewController.swift */ = {isa = PBXFileReference; fileEncoding = 4; lastKnownFileType = sourcecode.swift; path = ExportViewController.swift; sourceTree = "<group>"; };
		DF591CD11DEC08C700F6B0BC /* AppRealm.swift */ = {isa = PBXFileReference; fileEncoding = 4; lastKnownFileType = sourcecode.swift; path = AppRealm.swift; sourceTree = "<group>"; };
		DF61E52D1D9A144F00DA2607 /* Realm.framework */ = {isa = PBXFileReference; lastKnownFileType = wrapper.framework; name = Realm.framework; path = Carthage/Build/iOS/Realm.framework; sourceTree = "<group>"; };
		DF61E52E1D9A144F00DA2607 /* RealmSwift.framework */ = {isa = PBXFileReference; lastKnownFileType = wrapper.framework; name = RealmSwift.framework; path = Carthage/Build/iOS/RealmSwift.framework; sourceTree = "<group>"; };
		DF61E5311D9A150100DA2607 /* Realm.framework */ = {isa = PBXFileReference; lastKnownFileType = wrapper.framework; name = Realm.framework; path = Carthage/Build/Mac/Realm.framework; sourceTree = "<group>"; };
		DF61E5321D9A150100DA2607 /* RealmSwift.framework */ = {isa = PBXFileReference; lastKnownFileType = wrapper.framework; name = RealmSwift.framework; path = Carthage/Build/Mac/RealmSwift.framework; sourceTree = "<group>"; };
		DF61E5371D9A154300DA2607 /* Realm.framework.dSYM */ = {isa = PBXFileReference; lastKnownFileType = wrapper.dsym; name = Realm.framework.dSYM; path = Carthage/Build/Mac/Realm.framework.dSYM; sourceTree = "<group>"; };
		DF61E5381D9A154300DA2607 /* RealmSwift.framework.dSYM */ = {isa = PBXFileReference; lastKnownFileType = wrapper.dsym; name = RealmSwift.framework.dSYM; path = Carthage/Build/Mac/RealmSwift.framework.dSYM; sourceTree = "<group>"; };
		DF61E53C1D9A18DA00DA2607 /* RealmDefaults.swift */ = {isa = PBXFileReference; fileEncoding = 4; lastKnownFileType = sourcecode.swift; path = RealmDefaults.swift; sourceTree = "<group>"; };
		DF61E54C1D9A268900DA2607 /* RealmKey.swift */ = {isa = PBXFileReference; fileEncoding = 4; lastKnownFileType = sourcecode.swift; path = RealmKey.swift; sourceTree = "<group>"; };
		DF61E54F1D9A2F2700DA2607 /* Codegen iOS.entitlements */ = {isa = PBXFileReference; lastKnownFileType = text.plist.entitlements; path = "Codegen iOS.entitlements"; sourceTree = "<group>"; };
		DF92B7E01DF8F0D300FD82BD /* ScanViewController.swift */ = {isa = PBXFileReference; fileEncoding = 4; lastKnownFileType = sourcecode.swift; path = ScanViewController.swift; sourceTree = "<group>"; };
		DF92B7E21DF8F2D600FD82BD /* CameraController.swift */ = {isa = PBXFileReference; fileEncoding = 4; lastKnownFileType = sourcecode.swift; path = CameraController.swift; sourceTree = "<group>"; };
		DFE07DD61E09FCD1009572F6 /* QRSwift.framework */ = {isa = PBXFileReference; lastKnownFileType = wrapper.framework; name = QRSwift.framework; path = Carthage/Build/iOS/QRSwift.framework; sourceTree = "<group>"; };
		DFE07DD81E09FCE6009572F6 /* QRSwift.framework */ = {isa = PBXFileReference; lastKnownFileType = wrapper.framework; name = QRSwift.framework; path = Carthage/Build/Mac/QRSwift.framework; sourceTree = "<group>"; };
		DFE07DDB1E09FD1C009572F6 /* QRSwift.framework.dSYM */ = {isa = PBXFileReference; lastKnownFileType = wrapper.dsym; name = QRSwift.framework.dSYM; path = Carthage/Build/Mac/QRSwift.framework.dSYM; sourceTree = "<group>"; };
		DFE7F0561D9534A000B8E15B /* Codegen-debug.app */ = {isa = PBXFileReference; explicitFileType = wrapper.application; includeInIndex = 0; path = "Codegen-debug.app"; sourceTree = BUILT_PRODUCTS_DIR; };
		DFE7F0591D9534A000B8E15B /* AppDelegate.swift */ = {isa = PBXFileReference; lastKnownFileType = sourcecode.swift; path = AppDelegate.swift; sourceTree = "<group>"; };
		DFE7F05E1D9534A000B8E15B /* Base */ = {isa = PBXFileReference; lastKnownFileType = file.storyboard; name = Base; path = Base.lproj/Main.storyboard; sourceTree = "<group>"; };
		DFE7F0601D9534A000B8E15B /* Assets.xcassets */ = {isa = PBXFileReference; lastKnownFileType = folder.assetcatalog; path = Assets.xcassets; sourceTree = "<group>"; };
		DFE7F0631D9534A000B8E15B /* Base */ = {isa = PBXFileReference; lastKnownFileType = file.storyboard; name = Base; path = Base.lproj/LaunchScreen.storyboard; sourceTree = "<group>"; };
		DFE7F0651D9534A000B8E15B /* Info.plist */ = {isa = PBXFileReference; lastKnownFileType = text.plist.xml; path = Info.plist; sourceTree = "<group>"; };
		DFE7F06A1D9534A000B8E15B /* Codegen iOSUITests.xctest */ = {isa = PBXFileReference; explicitFileType = wrapper.cfbundle; includeInIndex = 0; path = "Codegen iOSUITests.xctest"; sourceTree = BUILT_PRODUCTS_DIR; };
		DFE7F06E1D9534A000B8E15B /* Codegen_iOSUITests.swift */ = {isa = PBXFileReference; lastKnownFileType = sourcecode.swift; path = Codegen_iOSUITests.swift; sourceTree = "<group>"; };
		DFE7F0701D9534A000B8E15B /* Info.plist */ = {isa = PBXFileReference; lastKnownFileType = text.plist.xml; path = Info.plist; sourceTree = "<group>"; };
		DFE7F07B1D95353E00B8E15B /* Codegen-debug.app */ = {isa = PBXFileReference; explicitFileType = wrapper.application; includeInIndex = 0; path = "Codegen-debug.app"; sourceTree = BUILT_PRODUCTS_DIR; };
		DFE7F07D1D95353F00B8E15B /* AppDelegate.swift */ = {isa = PBXFileReference; lastKnownFileType = sourcecode.swift; path = AppDelegate.swift; sourceTree = "<group>"; };
		DFE7F07F1D95353F00B8E15B /* ViewController.swift */ = {isa = PBXFileReference; lastKnownFileType = sourcecode.swift; path = ViewController.swift; sourceTree = "<group>"; };
		DFE7F0811D95353F00B8E15B /* Assets.xcassets */ = {isa = PBXFileReference; lastKnownFileType = folder.assetcatalog; path = Assets.xcassets; sourceTree = "<group>"; };
		DFE7F0841D95353F00B8E15B /* Base */ = {isa = PBXFileReference; lastKnownFileType = file.storyboard; name = Base; path = Base.lproj/Main.storyboard; sourceTree = "<group>"; };
		DFE7F0861D95353F00B8E15B /* Info.plist */ = {isa = PBXFileReference; lastKnownFileType = text.plist.xml; path = Info.plist; sourceTree = "<group>"; };
		DFE7F08B1D95353F00B8E15B /* Codegen macOSUITests.xctest */ = {isa = PBXFileReference; explicitFileType = wrapper.cfbundle; includeInIndex = 0; path = "Codegen macOSUITests.xctest"; sourceTree = BUILT_PRODUCTS_DIR; };
		DFE7F08F1D95353F00B8E15B /* Codegen_macOSUITests.swift */ = {isa = PBXFileReference; lastKnownFileType = sourcecode.swift; path = Codegen_macOSUITests.swift; sourceTree = "<group>"; };
		DFE7F0911D95353F00B8E15B /* Info.plist */ = {isa = PBXFileReference; lastKnownFileType = text.plist.xml; path = Info.plist; sourceTree = "<group>"; };
		DFE7F0991D95395B00B8E15B /* CryptoKit.framework */ = {isa = PBXFileReference; lastKnownFileType = wrapper.framework; name = CryptoKit.framework; path = Carthage/Build/iOS/CryptoKit.framework; sourceTree = "<group>"; };
		DFE7F09A1D95395B00B8E15B /* OTPKit.framework */ = {isa = PBXFileReference; lastKnownFileType = wrapper.framework; name = OTPKit.framework; path = Carthage/Build/iOS/OTPKit.framework; sourceTree = "<group>"; };
		DFE7F09E1D95397C00B8E15B /* CryptoKit.framework */ = {isa = PBXFileReference; lastKnownFileType = wrapper.framework; name = CryptoKit.framework; path = Carthage/Build/Mac/CryptoKit.framework; sourceTree = "<group>"; };
		DFE7F09F1D95397C00B8E15B /* OTPKit.framework */ = {isa = PBXFileReference; lastKnownFileType = wrapper.framework; name = OTPKit.framework; path = Carthage/Build/Mac/OTPKit.framework; sourceTree = "<group>"; };
		DFE7F0A91D953AC000B8E15B /* CryptoKit.framework.dSYM */ = {isa = PBXFileReference; lastKnownFileType = wrapper.dsym; name = CryptoKit.framework.dSYM; path = Carthage/Build/Mac/CryptoKit.framework.dSYM; sourceTree = "<group>"; };
		DFE7F0AA1D953AC000B8E15B /* OTPKit.framework.dSYM */ = {isa = PBXFileReference; lastKnownFileType = wrapper.dsym; name = OTPKit.framework.dSYM; path = Carthage/Build/Mac/OTPKit.framework.dSYM; sourceTree = "<group>"; };
		DFEB3FE11D9D2AA800A65A48 /* OTPAccount.Defaults.swift */ = {isa = PBXFileReference; fileEncoding = 4; lastKnownFileType = sourcecode.swift; path = OTPAccount.Defaults.swift; sourceTree = "<group>"; };
		DFEB3FE41D9D303600A65A48 /* Codegen macOS.entitlements */ = {isa = PBXFileReference; lastKnownFileType = text.plist.entitlements; path = "Codegen macOS.entitlements"; sourceTree = "<group>"; };
		DFF9EFAC1D9D05DA00EF36C6 /* OTPURI.swift */ = {isa = PBXFileReference; fileEncoding = 4; lastKnownFileType = sourcecode.swift; path = OTPURI.swift; sourceTree = "<group>"; };
		DFF9EFAF1D9D06CB00EF36C6 /* OTPAccount+OTPURI.swift */ = {isa = PBXFileReference; fileEncoding = 4; lastKnownFileType = sourcecode.swift; path = "OTPAccount+OTPURI.swift"; sourceTree = "<group>"; };
		DFF9EFB21D9D093000EF36C6 /* HashFunction+Raw.swift */ = {isa = PBXFileReference; fileEncoding = 4; lastKnownFileType = sourcecode.swift; path = "HashFunction+Raw.swift"; sourceTree = "<group>"; };
		DFFB27A41DAB1C74009C3088 /* AddManualViewController.swift */ = {isa = PBXFileReference; fileEncoding = 4; lastKnownFileType = sourcecode.swift; path = AddManualViewController.swift; sourceTree = "<group>"; };
		DFFBC4521E0DD409009702D4 /* MainNavigationController.swift */ = {isa = PBXFileReference; fileEncoding = 4; lastKnownFileType = sourcecode.swift; path = MainNavigationController.swift; sourceTree = "<group>"; };
/* End PBXFileReference section */

/* Begin PBXFrameworksBuildPhase section */
		DFE7F0531D9534A000B8E15B /* Frameworks */ = {
			isa = PBXFrameworksBuildPhase;
			buildActionMask = 2147483647;
			files = (
				DFE7F09B1D95395B00B8E15B /* CryptoKit.framework in Frameworks */,
				DFE7F09C1D95395B00B8E15B /* OTPKit.framework in Frameworks */,
				DF61E52F1D9A144F00DA2607 /* Realm.framework in Frameworks */,
				DF61E5301D9A144F00DA2607 /* RealmSwift.framework in Frameworks */,
				DFE07DD71E09FCD1009572F6 /* QRSwift.framework in Frameworks */,
			);
			runOnlyForDeploymentPostprocessing = 0;
		};
		DFE7F0671D9534A000B8E15B /* Frameworks */ = {
			isa = PBXFrameworksBuildPhase;
			buildActionMask = 2147483647;
			files = (
			);
			runOnlyForDeploymentPostprocessing = 0;
		};
		DFE7F0781D95353E00B8E15B /* Frameworks */ = {
			isa = PBXFrameworksBuildPhase;
			buildActionMask = 2147483647;
			files = (
				DFE7F0A31D953A6300B8E15B /* CryptoKit.framework in Frameworks */,
				DFE7F0A51D953A6300B8E15B /* OTPKit.framework in Frameworks */,
				DF61E5331D9A150100DA2607 /* Realm.framework in Frameworks */,
				DF61E5351D9A150100DA2607 /* RealmSwift.framework in Frameworks */,
				DFE07DD91E09FCE6009572F6 /* QRSwift.framework in Frameworks */,
			);
			runOnlyForDeploymentPostprocessing = 0;
		};
		DFE7F0881D95353F00B8E15B /* Frameworks */ = {
			isa = PBXFrameworksBuildPhase;
			buildActionMask = 2147483647;
			files = (
			);
			runOnlyForDeploymentPostprocessing = 0;
		};
/* End PBXFrameworksBuildPhase section */

/* Begin PBXGroup section */
		DF0E35FB1D9E6D6800C66351 /* ViewControllers */ = {
			isa = PBXGroup;
			children = (
				DF3BECB31E03B99300395369 /* UIViewController+Alert.swift */,
				DF544A911D9DE5E0005F7D9E /* AccountsTableViewController.swift */,
				DF5743A21E0900760061FBF5 /* ExportViewController.swift */,
				DFFB27A41DAB1C74009C3088 /* AddManualViewController.swift */,
				DF18E7211DF371A500C5AEF6 /* AddManualViewController+UITextFieldDelegate.swift */,
				DF0365E81E037622007A4D77 /* CameraNavigationController.swift */,
				DF92B7E01DF8F0D300FD82BD /* ScanViewController.swift */,
				DFFBC4521E0DD409009702D4 /* MainNavigationController.swift */,
			);
			path = ViewControllers;
			sourceTree = "<group>";
		};
		DF0E35FE1D9E6FAB00C66351 /* Views */ = {
			isa = PBXGroup;
			children = (
				DF0E35FF1D9E6FED00C66351 /* AccountTableViewCell.swift */,
				DF37B49C1DA138E900A655D1 /* VerticalProgressView.swift */,
			);
			path = Views;
			sourceTree = "<group>";
		};
		DF1A78AA1D9A7C1100CEDE7C /* Objects */ = {
			isa = PBXGroup;
			children = (
				DF1A78AB1D9A7C3D00CEDE7C /* OTPAccount.swift */,
				DF2B75681D9F9E05003B9242 /* OTPAccountStore.swift */,
				DFEB3FE11D9D2AA800A65A48 /* OTPAccount.Defaults.swift */,
				DFF9EFAF1D9D06CB00EF36C6 /* OTPAccount+OTPURI.swift */,
			);
			path = Objects;
			sourceTree = "<group>";
		};
		DF370C5E1D97B8C3004EC853 /* Shared */ = {
			isa = PBXGroup;
			children = (
				DF61E53B1D9A15E800DA2607 /* Realm */,
				DFF9EFAC1D9D05DA00EF36C6 /* OTPURI.swift */,
				DF446B621E0387B4001F91A1 /* OTPURI.Keys.swift */,
				DF446B641E038871001F91A1 /* OTPURI.Types.swift */,
				DFF9EFB21D9D093000EF36C6 /* HashFunction+Raw.swift */,
				DF2B756B1D9FBFB1003B9242 /* Collection+Split.swift */,
				DF18E71E1DF3651C00C5AEF6 /* AddAccountInvalidInput.swift */,
				DF18E7231DF37FA700C5AEF6 /* Pasteboard.swift */,
			);
			path = Shared;
			sourceTree = "<group>";
		};
		DF61E53B1D9A15E800DA2607 /* Realm */ = {
			isa = PBXGroup;
			children = (
				DF1A78AA1D9A7C1100CEDE7C /* Objects */,
				DF591CD11DEC08C700F6B0BC /* AppRealm.swift */,
				DF61E53C1D9A18DA00DA2607 /* RealmDefaults.swift */,
				DF61E54C1D9A268900DA2607 /* RealmKey.swift */,
			);
			path = Realm;
			sourceTree = "<group>";
		};
		DFE7F04B1D95345800B8E15B = {
			isa = PBXGroup;
			children = (
				DF370C5E1D97B8C3004EC853 /* Shared */,
				DFE7F0581D9534A000B8E15B /* Codegen iOS */,
				DFE7F06D1D9534A000B8E15B /* Codegen iOSUITests */,
				DFE7F07C1D95353E00B8E15B /* Codegen macOS */,
				DFE7F08E1D95353F00B8E15B /* Codegen macOSUITests */,
				DFE7F0571D9534A000B8E15B /* Products */,
				DFE7F0981D95395B00B8E15B /* Frameworks */,
			);
			sourceTree = "<group>";
		};
		DFE7F0571D9534A000B8E15B /* Products */ = {
			isa = PBXGroup;
			children = (
				DFE7F0561D9534A000B8E15B /* Codegen-debug.app */,
				DFE7F06A1D9534A000B8E15B /* Codegen iOSUITests.xctest */,
				DFE7F07B1D95353E00B8E15B /* Codegen-debug.app */,
				DFE7F08B1D95353F00B8E15B /* Codegen macOSUITests.xctest */,
			);
			name = Products;
			sourceTree = "<group>";
		};
		DFE7F0581D9534A000B8E15B /* Codegen iOS */ = {
			isa = PBXGroup;
			children = (
				DF61E54F1D9A2F2700DA2607 /* Codegen iOS.entitlements */,
				DFE7F0591D9534A000B8E15B /* AppDelegate.swift */,
				DF92B7E21DF8F2D600FD82BD /* CameraController.swift */,
				DF3DB2F41DFFC91D004163F9 /* QRCodeScanner.swift */,
				DF0E35FE1D9E6FAB00C66351 /* Views */,
				DF0E35FB1D9E6D6800C66351 /* ViewControllers */,
				DFE7F05D1D9534A000B8E15B /* Main.storyboard */,
				DFE7F0601D9534A000B8E15B /* Assets.xcassets */,
				DFE7F0621D9534A000B8E15B /* LaunchScreen.storyboard */,
				DFE7F0651D9534A000B8E15B /* Info.plist */,
			);
			path = "Codegen iOS";
			sourceTree = "<group>";
		};
		DFE7F06D1D9534A000B8E15B /* Codegen iOSUITests */ = {
			isa = PBXGroup;
			children = (
				DFE7F06E1D9534A000B8E15B /* Codegen_iOSUITests.swift */,
				DFE7F0701D9534A000B8E15B /* Info.plist */,
			);
			path = "Codegen iOSUITests";
			sourceTree = "<group>";
		};
		DFE7F07C1D95353E00B8E15B /* Codegen macOS */ = {
			isa = PBXGroup;
			children = (
				DFEB3FE41D9D303600A65A48 /* Codegen macOS.entitlements */,
				DFE7F07D1D95353F00B8E15B /* AppDelegate.swift */,
				DFE7F07F1D95353F00B8E15B /* ViewController.swift */,
				DFE7F0811D95353F00B8E15B /* Assets.xcassets */,
				DFE7F0831D95353F00B8E15B /* Main.storyboard */,
				DFE7F0861D95353F00B8E15B /* Info.plist */,
			);
			path = "Codegen macOS";
			sourceTree = "<group>";
		};
		DFE7F08E1D95353F00B8E15B /* Codegen macOSUITests */ = {
			isa = PBXGroup;
			children = (
				DFE7F08F1D95353F00B8E15B /* Codegen_macOSUITests.swift */,
				DFE7F0911D95353F00B8E15B /* Info.plist */,
			);
			path = "Codegen macOSUITests";
			sourceTree = "<group>";
		};
		DFE7F0981D95395B00B8E15B /* Frameworks */ = {
			isa = PBXGroup;
			children = (
				DFE7F09D1D95396200B8E15B /* iOS */,
				DFE7F0A21D95397F00B8E15B /* macOS */,
			);
			name = Frameworks;
			sourceTree = "<group>";
		};
		DFE7F09D1D95396200B8E15B /* iOS */ = {
			isa = PBXGroup;
			children = (
				DFE7F0991D95395B00B8E15B /* CryptoKit.framework */,
				DFE7F09A1D95395B00B8E15B /* OTPKit.framework */,
				DF61E52D1D9A144F00DA2607 /* Realm.framework */,
				DF61E52E1D9A144F00DA2607 /* RealmSwift.framework */,
				DFE07DD61E09FCD1009572F6 /* QRSwift.framework */,
			);
			name = iOS;
			sourceTree = "<group>";
		};
		DFE7F0A21D95397F00B8E15B /* macOS */ = {
			isa = PBXGroup;
			children = (
				DFE7F09E1D95397C00B8E15B /* CryptoKit.framework */,
				DFE7F09F1D95397C00B8E15B /* OTPKit.framework */,
				DF61E5311D9A150100DA2607 /* Realm.framework */,
				DF61E5321D9A150100DA2607 /* RealmSwift.framework */,
				DFE07DD81E09FCE6009572F6 /* QRSwift.framework */,
				DFE7F0A91D953AC000B8E15B /* CryptoKit.framework.dSYM */,
				DFE7F0AA1D953AC000B8E15B /* OTPKit.framework.dSYM */,
				DF61E5371D9A154300DA2607 /* Realm.framework.dSYM */,
				DF61E5381D9A154300DA2607 /* RealmSwift.framework.dSYM */,
				DFE07DDB1E09FD1C009572F6 /* QRSwift.framework.dSYM */,
			);
			name = macOS;
			sourceTree = "<group>";
		};
/* End PBXGroup section */

/* Begin PBXNativeTarget section */
		DFE7F0551D9534A000B8E15B /* Codegen iOS */ = {
			isa = PBXNativeTarget;
			buildConfigurationList = DFE7F0711D9534A000B8E15B /* Build configuration list for PBXNativeTarget "Codegen iOS" */;
			buildPhases = (
				DFE7F0521D9534A000B8E15B /* Sources */,
				DFE7F0531D9534A000B8E15B /* Frameworks */,
				DFE7F0541D9534A000B8E15B /* Resources */,
				DFE7F0AD1D953B5900B8E15B /* Carthage Copy Frameworks Script */,
			);
			buildRules = (
			);
			dependencies = (
			);
			name = "Codegen iOS";
			productName = "Codegen iOS";
			productReference = DFE7F0561D9534A000B8E15B /* Codegen-debug.app */;
			productType = "com.apple.product-type.application";
		};
		DFE7F0691D9534A000B8E15B /* Codegen iOSUITests */ = {
			isa = PBXNativeTarget;
			buildConfigurationList = DFE7F0741D9534A000B8E15B /* Build configuration list for PBXNativeTarget "Codegen iOSUITests" */;
			buildPhases = (
				DFE7F0661D9534A000B8E15B /* Sources */,
				DFE7F0671D9534A000B8E15B /* Frameworks */,
				DFE7F0681D9534A000B8E15B /* Resources */,
			);
			buildRules = (
			);
			dependencies = (
				DFE7F06C1D9534A000B8E15B /* PBXTargetDependency */,
			);
			name = "Codegen iOSUITests";
			productName = "Codegen iOSUITests";
			productReference = DFE7F06A1D9534A000B8E15B /* Codegen iOSUITests.xctest */;
			productType = "com.apple.product-type.bundle.ui-testing";
		};
		DFE7F07A1D95353E00B8E15B /* Codegen macOS */ = {
			isa = PBXNativeTarget;
			buildConfigurationList = DFE7F0921D95353F00B8E15B /* Build configuration list for PBXNativeTarget "Codegen macOS" */;
			buildPhases = (
				DFE7F0771D95353E00B8E15B /* Sources */,
				DFE7F0781D95353E00B8E15B /* Frameworks */,
				DFE7F0791D95353E00B8E15B /* Resources */,
				DFE7F0A71D953A6300B8E15B /* Embed Frameworks */,
				DFE7F0A81D953A9A00B8E15B /* Carthage Copy Debug Symbols */,
			);
			buildRules = (
			);
			dependencies = (
			);
			name = "Codegen macOS";
			productName = "Codegen macOS";
			productReference = DFE7F07B1D95353E00B8E15B /* Codegen-debug.app */;
			productType = "com.apple.product-type.application";
		};
		DFE7F08A1D95353F00B8E15B /* Codegen macOSUITests */ = {
			isa = PBXNativeTarget;
			buildConfigurationList = DFE7F0951D95353F00B8E15B /* Build configuration list for PBXNativeTarget "Codegen macOSUITests" */;
			buildPhases = (
				DFE7F0871D95353F00B8E15B /* Sources */,
				DFE7F0881D95353F00B8E15B /* Frameworks */,
				DFE7F0891D95353F00B8E15B /* Resources */,
			);
			buildRules = (
			);
			dependencies = (
				DFE7F08D1D95353F00B8E15B /* PBXTargetDependency */,
			);
			name = "Codegen macOSUITests";
			productName = "Codegen macOSUITests";
			productReference = DFE7F08B1D95353F00B8E15B /* Codegen macOSUITests.xctest */;
			productType = "com.apple.product-type.bundle.ui-testing";
		};
/* End PBXNativeTarget section */

/* Begin PBXProject section */
		DFE7F04C1D95345800B8E15B /* Project object */ = {
			isa = PBXProject;
			attributes = {
				LastSwiftUpdateCheck = 0800;
				LastUpgradeCheck = 0810;
				TargetAttributes = {
					DFE7F0551D9534A000B8E15B = {
						CreatedOnToolsVersion = 8.0;
						DevelopmentTeam = D58254GC6C;
						ProvisioningStyle = Automatic;
						SystemCapabilities = {
							com.apple.Keychain = {
								enabled = 1;
							};
						};
					};
					DFE7F0691D9534A000B8E15B = {
						CreatedOnToolsVersion = 8.0;
						ProvisioningStyle = Automatic;
						TestTargetID = DFE7F0551D9534A000B8E15B;
					};
					DFE7F07A1D95353E00B8E15B = {
						CreatedOnToolsVersion = 8.0;
						DevelopmentTeam = D58254GC6C;
						ProvisioningStyle = Automatic;
						SystemCapabilities = {
							com.apple.Sandbox = {
								enabled = 1;
							};
						};
					};
					DFE7F08A1D95353F00B8E15B = {
						CreatedOnToolsVersion = 8.0;
						ProvisioningStyle = Automatic;
						TestTargetID = DFE7F07A1D95353E00B8E15B;
					};
				};
			};
			buildConfigurationList = DFE7F04F1D95345800B8E15B /* Build configuration list for PBXProject "Codegen" */;
			compatibilityVersion = "Xcode 3.2";
			developmentRegion = English;
			hasScannedForEncodings = 0;
			knownRegions = (
				en,
				Base,
			);
			mainGroup = DFE7F04B1D95345800B8E15B;
			productRefGroup = DFE7F0571D9534A000B8E15B /* Products */;
			projectDirPath = "";
			projectRoot = "";
			targets = (
				DFE7F0551D9534A000B8E15B /* Codegen iOS */,
				DFE7F07A1D95353E00B8E15B /* Codegen macOS */,
				DFE7F0691D9534A000B8E15B /* Codegen iOSUITests */,
				DFE7F08A1D95353F00B8E15B /* Codegen macOSUITests */,
			);
		};
/* End PBXProject section */

/* Begin PBXResourcesBuildPhase section */
		DFE7F0541D9534A000B8E15B /* Resources */ = {
			isa = PBXResourcesBuildPhase;
			buildActionMask = 2147483647;
			files = (
				DFE7F0641D9534A000B8E15B /* LaunchScreen.storyboard in Resources */,
				DFE7F0611D9534A000B8E15B /* Assets.xcassets in Resources */,
				DFE7F05F1D9534A000B8E15B /* Main.storyboard in Resources */,
			);
			runOnlyForDeploymentPostprocessing = 0;
		};
		DFE7F0681D9534A000B8E15B /* Resources */ = {
			isa = PBXResourcesBuildPhase;
			buildActionMask = 2147483647;
			files = (
			);
			runOnlyForDeploymentPostprocessing = 0;
		};
		DFE7F0791D95353E00B8E15B /* Resources */ = {
			isa = PBXResourcesBuildPhase;
			buildActionMask = 2147483647;
			files = (
				DFE7F0821D95353F00B8E15B /* Assets.xcassets in Resources */,
				DFE7F0851D95353F00B8E15B /* Main.storyboard in Resources */,
			);
			runOnlyForDeploymentPostprocessing = 0;
		};
		DFE7F0891D95353F00B8E15B /* Resources */ = {
			isa = PBXResourcesBuildPhase;
			buildActionMask = 2147483647;
			files = (
			);
			runOnlyForDeploymentPostprocessing = 0;
		};
/* End PBXResourcesBuildPhase section */

/* Begin PBXShellScriptBuildPhase section */
		DFE7F0AD1D953B5900B8E15B /* Carthage Copy Frameworks Script */ = {
			isa = PBXShellScriptBuildPhase;
			buildActionMask = 2147483647;
			files = (
			);
			inputPaths = (
				"$(SRCROOT)/Carthage/Build/iOS/CryptoKit.framework",
				"$(SRCROOT)/Carthage/Build/iOS/OTPKit.framework",
				"$(SRCROOT)/Carthage/Build/iOS/Realm.framework",
				"$(SRCROOT)/Carthage/Build/iOS/RealmSwift.framework",
				"$(SRCROOT)/Carthage/Build/iOS/QRSwift.framework",
			);
			name = "Carthage Copy Frameworks Script";
			outputPaths = (
			);
			runOnlyForDeploymentPostprocessing = 0;
			shellPath = /bin/sh;
			shellScript = "/usr/local/bin/carthage copy-frameworks";
		};
/* End PBXShellScriptBuildPhase section */

/* Begin PBXSourcesBuildPhase section */
		DFE7F0521D9534A000B8E15B /* Sources */ = {
			isa = PBXSourcesBuildPhase;
			buildActionMask = 2147483647;
			files = (
				DFFBC4531E0DD409009702D4 /* MainNavigationController.swift in Sources */,
				DF92B7E11DF8F0D300FD82BD /* ScanViewController.swift in Sources */,
				DF446B631E0387B4001F91A1 /* OTPURI.Keys.swift in Sources */,
				DFF9EFB31D9D093000EF36C6 /* HashFunction+Raw.swift in Sources */,
				DF446B651E038871001F91A1 /* OTPURI.Types.swift in Sources */,
				DFEB3FE21D9D2AA800A65A48 /* OTPAccount.Defaults.swift in Sources */,
				DF3BECB41E03B99300395369 /* UIViewController+Alert.swift in Sources */,
				DF5743A31E0900760061FBF5 /* ExportViewController.swift in Sources */,
				DFF9EFAD1D9D05DA00EF36C6 /* OTPURI.swift in Sources */,
				DF0E36001D9E6FED00C66351 /* AccountTableViewCell.swift in Sources */,
				DF18E71F1DF3651C00C5AEF6 /* AddAccountInvalidInput.swift in Sources */,
				DF1A78AC1D9A7C3D00CEDE7C /* OTPAccount.swift in Sources */,
				DF18E7221DF371A500C5AEF6 /* AddManualViewController+UITextFieldDelegate.swift in Sources */,
				DF591CD21DEC08C700F6B0BC /* AppRealm.swift in Sources */,
				DF2B75691D9F9E05003B9242 /* OTPAccountStore.swift in Sources */,
				DF0365E91E037622007A4D77 /* CameraNavigationController.swift in Sources */,
				DF61E54D1D9A268900DA2607 /* RealmKey.swift in Sources */,
				DF3DB2F51DFFC91D004163F9 /* QRCodeScanner.swift in Sources */,
				DF37B49D1DA138E900A655D1 /* VerticalProgressView.swift in Sources */,
				DFFB27A51DAB1C74009C3088 /* AddManualViewController.swift in Sources */,
				DF61E53D1D9A18DA00DA2607 /* RealmDefaults.swift in Sources */,
				DF92B7E31DF8F2D600FD82BD /* CameraController.swift in Sources */,
				DF2B756C1D9FBFB1003B9242 /* Collection+Split.swift in Sources */,
				DF18E7241DF37FA700C5AEF6 /* Pasteboard.swift in Sources */,
				DF544A921D9DE5E0005F7D9E /* AccountsTableViewController.swift in Sources */,
				DFF9EFB01D9D06CB00EF36C6 /* OTPAccount+OTPURI.swift in Sources */,
				DFE7F05A1D9534A000B8E15B /* AppDelegate.swift in Sources */,
			);
			runOnlyForDeploymentPostprocessing = 0;
		};
		DFE7F0661D9534A000B8E15B /* Sources */ = {
			isa = PBXSourcesBuildPhase;
			buildActionMask = 2147483647;
			files = (
				DFE7F06F1D9534A000B8E15B /* Codegen_iOSUITests.swift in Sources */,
			);
			runOnlyForDeploymentPostprocessing = 0;
		};
		DFE7F0771D95353E00B8E15B /* Sources */ = {
			isa = PBXSourcesBuildPhase;
			buildActionMask = 2147483647;
			files = (
				DFF9EFB41D9D093000EF36C6 /* HashFunction+Raw.swift in Sources */,
				DFE7F0801D95353F00B8E15B /* ViewController.swift in Sources */,
				DFEB3FE31D9D2AA800A65A48 /* OTPAccount.Defaults.swift in Sources */,
				DF18E7201DF3651C00C5AEF6 /* AddAccountInvalidInput.swift in Sources */,
				DF18E7251DF37FA700C5AEF6 /* Pasteboard.swift in Sources */,
				DFF9EFAE1D9D05DA00EF36C6 /* OTPURI.swift in Sources */,
				DF1A78AD1D9A7C3D00CEDE7C /* OTPAccount.swift in Sources */,
				DF61E54E1D9A268900DA2607 /* RealmKey.swift in Sources */,
				DF61E53E1D9A18DA00DA2607 /* RealmDefaults.swift in Sources */,
				DF2B756D1D9FBFB1003B9242 /* Collection+Split.swift in Sources */,
				DFF9EFB11D9D06CB00EF36C6 /* OTPAccount+OTPURI.swift in Sources */,
				DFE7F07E1D95353F00B8E15B /* AppDelegate.swift in Sources */,
				DF2B756A1D9F9E05003B9242 /* OTPAccountStore.swift in Sources */,
				DF591CD31DEC08C700F6B0BC /* AppRealm.swift in Sources */,
			);
			runOnlyForDeploymentPostprocessing = 0;
		};
		DFE7F0871D95353F00B8E15B /* Sources */ = {
			isa = PBXSourcesBuildPhase;
			buildActionMask = 2147483647;
			files = (
				DFE7F0901D95353F00B8E15B /* Codegen_macOSUITests.swift in Sources */,
			);
			runOnlyForDeploymentPostprocessing = 0;
		};
/* End PBXSourcesBuildPhase section */

/* Begin PBXTargetDependency section */
		DFE7F06C1D9534A000B8E15B /* PBXTargetDependency */ = {
			isa = PBXTargetDependency;
			target = DFE7F0551D9534A000B8E15B /* Codegen iOS */;
			targetProxy = DFE7F06B1D9534A000B8E15B /* PBXContainerItemProxy */;
		};
		DFE7F08D1D95353F00B8E15B /* PBXTargetDependency */ = {
			isa = PBXTargetDependency;
			target = DFE7F07A1D95353E00B8E15B /* Codegen macOS */;
			targetProxy = DFE7F08C1D95353F00B8E15B /* PBXContainerItemProxy */;
		};
/* End PBXTargetDependency section */

/* Begin PBXVariantGroup section */
		DFE7F05D1D9534A000B8E15B /* Main.storyboard */ = {
			isa = PBXVariantGroup;
			children = (
				DFE7F05E1D9534A000B8E15B /* Base */,
			);
			name = Main.storyboard;
			sourceTree = "<group>";
		};
		DFE7F0621D9534A000B8E15B /* LaunchScreen.storyboard */ = {
			isa = PBXVariantGroup;
			children = (
				DFE7F0631D9534A000B8E15B /* Base */,
			);
			name = LaunchScreen.storyboard;
			sourceTree = "<group>";
		};
		DFE7F0831D95353F00B8E15B /* Main.storyboard */ = {
			isa = PBXVariantGroup;
			children = (
				DFE7F0841D95353F00B8E15B /* Base */,
			);
			name = Main.storyboard;
			sourceTree = "<group>";
		};
/* End PBXVariantGroup section */

/* Begin XCBuildConfiguration section */
		DFE7F0501D95345800B8E15B /* Debug */ = {
			isa = XCBuildConfiguration;
			buildSettings = {
				CLANG_WARN_BOOL_CONVERSION = YES;
				CLANG_WARN_CONSTANT_CONVERSION = YES;
				CLANG_WARN_EMPTY_BODY = YES;
				CLANG_WARN_ENUM_CONVERSION = YES;
				CLANG_WARN_INFINITE_RECURSION = YES;
				CLANG_WARN_INT_CONVERSION = YES;
				CLANG_WARN_SUSPICIOUS_MOVE = YES;
				CLANG_WARN_UNREACHABLE_CODE = YES;
				CLANG_WARN__DUPLICATE_METHOD_MATCH = YES;
				ENABLE_STRICT_OBJC_MSGSEND = YES;
				ENABLE_TESTABILITY = YES;
				GCC_NO_COMMON_BLOCKS = YES;
				GCC_WARN_64_TO_32_BIT_CONVERSION = YES;
				GCC_WARN_ABOUT_RETURN_TYPE = YES;
				GCC_WARN_UNDECLARED_SELECTOR = YES;
				GCC_WARN_UNINITIALIZED_AUTOS = YES;
				GCC_WARN_UNUSED_FUNCTION = YES;
				GCC_WARN_UNUSED_VARIABLE = YES;
				ONLY_ACTIVE_ARCH = YES;
				OTHER_SWIFT_FLAGS = "-D DEBUG";
			};
			name = Debug;
		};
		DFE7F0511D95345800B8E15B /* Release */ = {
			isa = XCBuildConfiguration;
			buildSettings = {
				CLANG_WARN_BOOL_CONVERSION = YES;
				CLANG_WARN_CONSTANT_CONVERSION = YES;
				CLANG_WARN_EMPTY_BODY = YES;
				CLANG_WARN_ENUM_CONVERSION = YES;
				CLANG_WARN_INFINITE_RECURSION = YES;
				CLANG_WARN_INT_CONVERSION = YES;
				CLANG_WARN_SUSPICIOUS_MOVE = YES;
				CLANG_WARN_UNREACHABLE_CODE = YES;
				CLANG_WARN__DUPLICATE_METHOD_MATCH = YES;
				ENABLE_STRICT_OBJC_MSGSEND = YES;
				GCC_NO_COMMON_BLOCKS = YES;
				GCC_WARN_64_TO_32_BIT_CONVERSION = YES;
				GCC_WARN_ABOUT_RETURN_TYPE = YES;
				GCC_WARN_UNDECLARED_SELECTOR = YES;
				GCC_WARN_UNINITIALIZED_AUTOS = YES;
				GCC_WARN_UNUSED_FUNCTION = YES;
				GCC_WARN_UNUSED_VARIABLE = YES;
			};
			name = Release;
		};
		DFE7F0721D9534A000B8E15B /* Debug */ = {
			isa = XCBuildConfiguration;
			buildSettings = {
				ALWAYS_SEARCH_USER_PATHS = NO;
				ASSETCATALOG_COMPILER_APPICON_NAME = AppIcon;
				CLANG_ANALYZER_NONNULL = YES;
				CLANG_CXX_LANGUAGE_STANDARD = "gnu++0x";
				CLANG_CXX_LIBRARY = "libc++";
				CLANG_ENABLE_MODULES = YES;
				CLANG_ENABLE_OBJC_ARC = YES;
				CLANG_WARN_BOOL_CONVERSION = YES;
				CLANG_WARN_CONSTANT_CONVERSION = YES;
				CLANG_WARN_DIRECT_OBJC_ISA_USAGE = YES_ERROR;
				CLANG_WARN_DOCUMENTATION_COMMENTS = YES;
				CLANG_WARN_EMPTY_BODY = YES;
				CLANG_WARN_ENUM_CONVERSION = YES;
				CLANG_WARN_INFINITE_RECURSION = YES;
				CLANG_WARN_INT_CONVERSION = YES;
				CLANG_WARN_OBJC_ROOT_CLASS = YES_ERROR;
				CLANG_WARN_SUSPICIOUS_MOVES = YES;
				CLANG_WARN_UNREACHABLE_CODE = YES;
				CLANG_WARN__DUPLICATE_METHOD_MATCH = YES;
				CODE_SIGN_ENTITLEMENTS = "Codegen iOS/Codegen iOS.entitlements";
				"CODE_SIGN_IDENTITY[sdk=iphoneos*]" = "iPhone Developer";
				COPY_PHASE_STRIP = NO;
				DEBUG_INFORMATION_FORMAT = dwarf;
				DEVELOPMENT_TEAM = D58254GC6C;
				ENABLE_STRICT_OBJC_MSGSEND = YES;
				ENABLE_TESTABILITY = YES;
				FRAMEWORK_SEARCH_PATHS = (
					"$(inherited)",
					"$(PROJECT_DIR)/Carthage/Build/iOS",
				);
				GCC_C_LANGUAGE_STANDARD = gnu99;
				GCC_DYNAMIC_NO_PIC = NO;
				GCC_NO_COMMON_BLOCKS = YES;
				GCC_OPTIMIZATION_LEVEL = 0;
				GCC_PREPROCESSOR_DEFINITIONS = (
					"DEBUG=1",
					"$(inherited)",
				);
				GCC_WARN_64_TO_32_BIT_CONVERSION = YES;
				GCC_WARN_ABOUT_RETURN_TYPE = YES_ERROR;
				GCC_WARN_UNDECLARED_SELECTOR = YES;
				GCC_WARN_UNINITIALIZED_AUTOS = YES_AGGRESSIVE;
				GCC_WARN_UNUSED_FUNCTION = YES;
				GCC_WARN_UNUSED_VARIABLE = YES;
				INFOPLIST_FILE = "Codegen iOS/Info.plist";
				IPHONEOS_DEPLOYMENT_TARGET = 10.0;
				LD_RUNPATH_SEARCH_PATHS = "$(inherited) @executable_path/Frameworks";
				MTL_ENABLE_DEBUG_INFO = YES;
				ONLY_ACTIVE_ARCH = YES;
				PRODUCT_BUNDLE_IDENTIFIER = "xyz.chrisamanse.ios.codegen-debug";
				PRODUCT_NAME = "Codegen-debug";
				SDKROOT = iphoneos;
				SWIFT_ACTIVE_COMPILATION_CONDITIONS = DEBUG;
				SWIFT_OPTIMIZATION_LEVEL = "-Onone";
				SWIFT_VERSION = 3.0;
				TARGETED_DEVICE_FAMILY = "1,2";
			};
			name = Debug;
		};
		DFE7F0731D9534A000B8E15B /* Release */ = {
			isa = XCBuildConfiguration;
			buildSettings = {
				ALWAYS_SEARCH_USER_PATHS = NO;
				ASSETCATALOG_COMPILER_APPICON_NAME = AppIcon;
				CLANG_ANALYZER_NONNULL = YES;
				CLANG_CXX_LANGUAGE_STANDARD = "gnu++0x";
				CLANG_CXX_LIBRARY = "libc++";
				CLANG_ENABLE_MODULES = YES;
				CLANG_ENABLE_OBJC_ARC = YES;
				CLANG_WARN_BOOL_CONVERSION = YES;
				CLANG_WARN_CONSTANT_CONVERSION = YES;
				CLANG_WARN_DIRECT_OBJC_ISA_USAGE = YES_ERROR;
				CLANG_WARN_DOCUMENTATION_COMMENTS = YES;
				CLANG_WARN_EMPTY_BODY = YES;
				CLANG_WARN_ENUM_CONVERSION = YES;
				CLANG_WARN_INFINITE_RECURSION = YES;
				CLANG_WARN_INT_CONVERSION = YES;
				CLANG_WARN_OBJC_ROOT_CLASS = YES_ERROR;
				CLANG_WARN_SUSPICIOUS_MOVES = YES;
				CLANG_WARN_UNREACHABLE_CODE = YES;
				CLANG_WARN__DUPLICATE_METHOD_MATCH = YES;
				CODE_SIGN_ENTITLEMENTS = "Codegen iOS/Codegen iOS.entitlements";
				"CODE_SIGN_IDENTITY[sdk=iphoneos*]" = "iPhone Developer";
				COPY_PHASE_STRIP = NO;
				DEBUG_INFORMATION_FORMAT = "dwarf-with-dsym";
				DEVELOPMENT_TEAM = D58254GC6C;
				ENABLE_NS_ASSERTIONS = NO;
				ENABLE_STRICT_OBJC_MSGSEND = YES;
				FRAMEWORK_SEARCH_PATHS = (
					"$(inherited)",
					"$(PROJECT_DIR)/Carthage/Build/iOS",
				);
				GCC_C_LANGUAGE_STANDARD = gnu99;
				GCC_NO_COMMON_BLOCKS = YES;
				GCC_WARN_64_TO_32_BIT_CONVERSION = YES;
				GCC_WARN_ABOUT_RETURN_TYPE = YES_ERROR;
				GCC_WARN_UNDECLARED_SELECTOR = YES;
				GCC_WARN_UNINITIALIZED_AUTOS = YES_AGGRESSIVE;
				GCC_WARN_UNUSED_FUNCTION = YES;
				GCC_WARN_UNUSED_VARIABLE = YES;
				INFOPLIST_FILE = "Codegen iOS/Info.plist";
				IPHONEOS_DEPLOYMENT_TARGET = 10.0;
				LD_RUNPATH_SEARCH_PATHS = "$(inherited) @executable_path/Frameworks";
				MTL_ENABLE_DEBUG_INFO = NO;
				PRODUCT_BUNDLE_IDENTIFIER = xyz.chrisamanse.ios.codegen;
				PRODUCT_NAME = Codegen;
				SDKROOT = iphoneos;
				SWIFT_OPTIMIZATION_LEVEL = "-Owholemodule";
				SWIFT_VERSION = 3.0;
				TARGETED_DEVICE_FAMILY = "1,2";
				VALIDATE_PRODUCT = YES;
			};
			name = Release;
		};
		DFE7F0751D9534A000B8E15B /* Debug */ = {
			isa = XCBuildConfiguration;
			buildSettings = {
				ALWAYS_EMBED_SWIFT_STANDARD_LIBRARIES = YES;
				ALWAYS_SEARCH_USER_PATHS = NO;
				CLANG_ANALYZER_NONNULL = YES;
				CLANG_CXX_LANGUAGE_STANDARD = "gnu++0x";
				CLANG_CXX_LIBRARY = "libc++";
				CLANG_ENABLE_MODULES = YES;
				CLANG_ENABLE_OBJC_ARC = YES;
				CLANG_WARN_BOOL_CONVERSION = YES;
				CLANG_WARN_CONSTANT_CONVERSION = YES;
				CLANG_WARN_DIRECT_OBJC_ISA_USAGE = YES_ERROR;
				CLANG_WARN_DOCUMENTATION_COMMENTS = YES;
				CLANG_WARN_EMPTY_BODY = YES;
				CLANG_WARN_ENUM_CONVERSION = YES;
				CLANG_WARN_INFINITE_RECURSION = YES;
				CLANG_WARN_INT_CONVERSION = YES;
				CLANG_WARN_OBJC_ROOT_CLASS = YES_ERROR;
				CLANG_WARN_SUSPICIOUS_MOVES = YES;
				CLANG_WARN_UNREACHABLE_CODE = YES;
				CLANG_WARN__DUPLICATE_METHOD_MATCH = YES;
				"CODE_SIGN_IDENTITY[sdk=iphoneos*]" = "iPhone Developer";
				COPY_PHASE_STRIP = NO;
				DEBUG_INFORMATION_FORMAT = dwarf;
				ENABLE_STRICT_OBJC_MSGSEND = YES;
				ENABLE_TESTABILITY = YES;
				GCC_C_LANGUAGE_STANDARD = gnu99;
				GCC_DYNAMIC_NO_PIC = NO;
				GCC_NO_COMMON_BLOCKS = YES;
				GCC_OPTIMIZATION_LEVEL = 0;
				GCC_PREPROCESSOR_DEFINITIONS = (
					"DEBUG=1",
					"$(inherited)",
				);
				GCC_WARN_64_TO_32_BIT_CONVERSION = YES;
				GCC_WARN_ABOUT_RETURN_TYPE = YES_ERROR;
				GCC_WARN_UNDECLARED_SELECTOR = YES;
				GCC_WARN_UNINITIALIZED_AUTOS = YES_AGGRESSIVE;
				GCC_WARN_UNUSED_FUNCTION = YES;
				GCC_WARN_UNUSED_VARIABLE = YES;
				INFOPLIST_FILE = "Codegen iOSUITests/Info.plist";
				IPHONEOS_DEPLOYMENT_TARGET = 10.0;
				LD_RUNPATH_SEARCH_PATHS = "$(inherited) @executable_path/Frameworks @loader_path/Frameworks";
				MTL_ENABLE_DEBUG_INFO = YES;
				ONLY_ACTIVE_ARCH = YES;
				PRODUCT_BUNDLE_IDENTIFIER = "xyz.chrisamanse.Codegen-iOSUITests";
				PRODUCT_NAME = "$(TARGET_NAME)";
				SDKROOT = iphoneos;
				SWIFT_ACTIVE_COMPILATION_CONDITIONS = DEBUG;
				SWIFT_OPTIMIZATION_LEVEL = "-Onone";
				SWIFT_VERSION = 3.0;
				TEST_TARGET_NAME = "Codegen iOS";
			};
			name = Debug;
		};
		DFE7F0761D9534A000B8E15B /* Release */ = {
			isa = XCBuildConfiguration;
			buildSettings = {
				ALWAYS_EMBED_SWIFT_STANDARD_LIBRARIES = YES;
				ALWAYS_SEARCH_USER_PATHS = NO;
				CLANG_ANALYZER_NONNULL = YES;
				CLANG_CXX_LANGUAGE_STANDARD = "gnu++0x";
				CLANG_CXX_LIBRARY = "libc++";
				CLANG_ENABLE_MODULES = YES;
				CLANG_ENABLE_OBJC_ARC = YES;
				CLANG_WARN_BOOL_CONVERSION = YES;
				CLANG_WARN_CONSTANT_CONVERSION = YES;
				CLANG_WARN_DIRECT_OBJC_ISA_USAGE = YES_ERROR;
				CLANG_WARN_DOCUMENTATION_COMMENTS = YES;
				CLANG_WARN_EMPTY_BODY = YES;
				CLANG_WARN_ENUM_CONVERSION = YES;
				CLANG_WARN_INFINITE_RECURSION = YES;
				CLANG_WARN_INT_CONVERSION = YES;
				CLANG_WARN_OBJC_ROOT_CLASS = YES_ERROR;
				CLANG_WARN_SUSPICIOUS_MOVES = YES;
				CLANG_WARN_UNREACHABLE_CODE = YES;
				CLANG_WARN__DUPLICATE_METHOD_MATCH = YES;
				"CODE_SIGN_IDENTITY[sdk=iphoneos*]" = "iPhone Developer";
				COPY_PHASE_STRIP = NO;
				DEBUG_INFORMATION_FORMAT = "dwarf-with-dsym";
				ENABLE_NS_ASSERTIONS = NO;
				ENABLE_STRICT_OBJC_MSGSEND = YES;
				GCC_C_LANGUAGE_STANDARD = gnu99;
				GCC_NO_COMMON_BLOCKS = YES;
				GCC_WARN_64_TO_32_BIT_CONVERSION = YES;
				GCC_WARN_ABOUT_RETURN_TYPE = YES_ERROR;
				GCC_WARN_UNDECLARED_SELECTOR = YES;
				GCC_WARN_UNINITIALIZED_AUTOS = YES_AGGRESSIVE;
				GCC_WARN_UNUSED_FUNCTION = YES;
				GCC_WARN_UNUSED_VARIABLE = YES;
				INFOPLIST_FILE = "Codegen iOSUITests/Info.plist";
				IPHONEOS_DEPLOYMENT_TARGET = 10.0;
				LD_RUNPATH_SEARCH_PATHS = "$(inherited) @executable_path/Frameworks @loader_path/Frameworks";
				MTL_ENABLE_DEBUG_INFO = NO;
				PRODUCT_BUNDLE_IDENTIFIER = "xyz.chrisamanse.Codegen-iOSUITests";
				PRODUCT_NAME = "$(TARGET_NAME)";
				SDKROOT = iphoneos;
				SWIFT_OPTIMIZATION_LEVEL = "-Owholemodule";
				SWIFT_VERSION = 3.0;
				TEST_TARGET_NAME = "Codegen iOS";
				VALIDATE_PRODUCT = YES;
			};
			name = Release;
		};
		DFE7F0931D95353F00B8E15B /* Debug */ = {
			isa = XCBuildConfiguration;
			buildSettings = {
				ALWAYS_SEARCH_USER_PATHS = NO;
				ASSETCATALOG_COMPILER_APPICON_NAME = AppIcon;
				CLANG_ANALYZER_NONNULL = YES;
				CLANG_CXX_LANGUAGE_STANDARD = "gnu++0x";
				CLANG_CXX_LIBRARY = "libc++";
				CLANG_ENABLE_MODULES = YES;
				CLANG_ENABLE_OBJC_ARC = YES;
				CLANG_WARN_BOOL_CONVERSION = YES;
				CLANG_WARN_CONSTANT_CONVERSION = YES;
				CLANG_WARN_DIRECT_OBJC_ISA_USAGE = YES_ERROR;
				CLANG_WARN_DOCUMENTATION_COMMENTS = YES;
				CLANG_WARN_EMPTY_BODY = YES;
				CLANG_WARN_ENUM_CONVERSION = YES;
				CLANG_WARN_INFINITE_RECURSION = YES;
				CLANG_WARN_INT_CONVERSION = YES;
				CLANG_WARN_OBJC_ROOT_CLASS = YES_ERROR;
				CLANG_WARN_SUSPICIOUS_MOVES = YES;
				CLANG_WARN_UNREACHABLE_CODE = YES;
				CLANG_WARN__DUPLICATE_METHOD_MATCH = YES;
				CODE_SIGN_ENTITLEMENTS = "Codegen macOS/Codegen macOS.entitlements";
				CODE_SIGN_IDENTITY = "Mac Developer";
				COMBINE_HIDPI_IMAGES = YES;
				COPY_PHASE_STRIP = NO;
				DEBUG_INFORMATION_FORMAT = dwarf;
				DEVELOPMENT_TEAM = D58254GC6C;
				ENABLE_STRICT_OBJC_MSGSEND = YES;
				ENABLE_TESTABILITY = YES;
				FRAMEWORK_SEARCH_PATHS = (
					"$(inherited)",
					"$(PROJECT_DIR)/Carthage/Build/Mac",
				);
				GCC_C_LANGUAGE_STANDARD = gnu99;
				GCC_DYNAMIC_NO_PIC = NO;
				GCC_NO_COMMON_BLOCKS = YES;
				GCC_OPTIMIZATION_LEVEL = 0;
				GCC_PREPROCESSOR_DEFINITIONS = (
					"DEBUG=1",
					"$(inherited)",
				);
				GCC_WARN_64_TO_32_BIT_CONVERSION = YES;
				GCC_WARN_ABOUT_RETURN_TYPE = YES_ERROR;
				GCC_WARN_UNDECLARED_SELECTOR = YES;
				GCC_WARN_UNINITIALIZED_AUTOS = YES_AGGRESSIVE;
				GCC_WARN_UNUSED_FUNCTION = YES;
				GCC_WARN_UNUSED_VARIABLE = YES;
				INFOPLIST_FILE = "Codegen macOS/Info.plist";
				LD_RUNPATH_SEARCH_PATHS = "$(inherited) @executable_path/../Frameworks";
				MACOSX_DEPLOYMENT_TARGET = 10.12;
				MTL_ENABLE_DEBUG_INFO = YES;
				ONLY_ACTIVE_ARCH = YES;
				PRODUCT_BUNDLE_IDENTIFIER = "xyz.chrisamanse.macos.codegen-debug";
				PRODUCT_NAME = "Codegen-debug";
				SDKROOT = macosx;
				SWIFT_ACTIVE_COMPILATION_CONDITIONS = DEBUG;
				SWIFT_OPTIMIZATION_LEVEL = "-Onone";
				SWIFT_VERSION = 3.0;
			};
			name = Debug;
		};
		DFE7F0941D95353F00B8E15B /* Release */ = {
			isa = XCBuildConfiguration;
			buildSettings = {
				ALWAYS_SEARCH_USER_PATHS = NO;
				ASSETCATALOG_COMPILER_APPICON_NAME = AppIcon;
				CLANG_ANALYZER_NONNULL = YES;
				CLANG_CXX_LANGUAGE_STANDARD = "gnu++0x";
				CLANG_CXX_LIBRARY = "libc++";
				CLANG_ENABLE_MODULES = YES;
				CLANG_ENABLE_OBJC_ARC = YES;
				CLANG_WARN_BOOL_CONVERSION = YES;
				CLANG_WARN_CONSTANT_CONVERSION = YES;
				CLANG_WARN_DIRECT_OBJC_ISA_USAGE = YES_ERROR;
				CLANG_WARN_DOCUMENTATION_COMMENTS = YES;
				CLANG_WARN_EMPTY_BODY = YES;
				CLANG_WARN_ENUM_CONVERSION = YES;
				CLANG_WARN_INFINITE_RECURSION = YES;
				CLANG_WARN_INT_CONVERSION = YES;
				CLANG_WARN_OBJC_ROOT_CLASS = YES_ERROR;
				CLANG_WARN_SUSPICIOUS_MOVES = YES;
				CLANG_WARN_UNREACHABLE_CODE = YES;
				CLANG_WARN__DUPLICATE_METHOD_MATCH = YES;
				CODE_SIGN_ENTITLEMENTS = "Codegen macOS/Codegen macOS.entitlements";
				CODE_SIGN_IDENTITY = "Mac Developer";
				COMBINE_HIDPI_IMAGES = YES;
				COPY_PHASE_STRIP = NO;
				DEBUG_INFORMATION_FORMAT = "dwarf-with-dsym";
				DEVELOPMENT_TEAM = D58254GC6C;
				ENABLE_NS_ASSERTIONS = NO;
				ENABLE_STRICT_OBJC_MSGSEND = YES;
				FRAMEWORK_SEARCH_PATHS = (
					"$(inherited)",
					"$(PROJECT_DIR)/Carthage/Build/Mac",
				);
				GCC_C_LANGUAGE_STANDARD = gnu99;
				GCC_NO_COMMON_BLOCKS = YES;
				GCC_WARN_64_TO_32_BIT_CONVERSION = YES;
				GCC_WARN_ABOUT_RETURN_TYPE = YES_ERROR;
				GCC_WARN_UNDECLARED_SELECTOR = YES;
				GCC_WARN_UNINITIALIZED_AUTOS = YES_AGGRESSIVE;
				GCC_WARN_UNUSED_FUNCTION = YES;
				GCC_WARN_UNUSED_VARIABLE = YES;
				INFOPLIST_FILE = "Codegen macOS/Info.plist";
				LD_RUNPATH_SEARCH_PATHS = "$(inherited) @executable_path/../Frameworks";
				MACOSX_DEPLOYMENT_TARGET = 10.12;
				MTL_ENABLE_DEBUG_INFO = NO;
				PRODUCT_BUNDLE_IDENTIFIER = xyz.chrisamanse.macos.codegen;
				PRODUCT_NAME = Codegen;
				SDKROOT = macosx;
				SWIFT_OPTIMIZATION_LEVEL = "-Owholemodule";
				SWIFT_VERSION = 3.0;
			};
			name = Release;
		};
		DFE7F0961D95353F00B8E15B /* Debug */ = {
			isa = XCBuildConfiguration;
			buildSettings = {
				ALWAYS_EMBED_SWIFT_STANDARD_LIBRARIES = YES;
				ALWAYS_SEARCH_USER_PATHS = NO;
				CLANG_ANALYZER_NONNULL = YES;
				CLANG_CXX_LANGUAGE_STANDARD = "gnu++0x";
				CLANG_CXX_LIBRARY = "libc++";
				CLANG_ENABLE_MODULES = YES;
				CLANG_ENABLE_OBJC_ARC = YES;
				CLANG_WARN_BOOL_CONVERSION = YES;
				CLANG_WARN_CONSTANT_CONVERSION = YES;
				CLANG_WARN_DIRECT_OBJC_ISA_USAGE = YES_ERROR;
				CLANG_WARN_DOCUMENTATION_COMMENTS = YES;
				CLANG_WARN_EMPTY_BODY = YES;
				CLANG_WARN_ENUM_CONVERSION = YES;
				CLANG_WARN_INFINITE_RECURSION = YES;
				CLANG_WARN_INT_CONVERSION = YES;
				CLANG_WARN_OBJC_ROOT_CLASS = YES_ERROR;
				CLANG_WARN_SUSPICIOUS_MOVES = YES;
				CLANG_WARN_UNREACHABLE_CODE = YES;
				CLANG_WARN__DUPLICATE_METHOD_MATCH = YES;
				CODE_SIGN_IDENTITY = "-";
				COMBINE_HIDPI_IMAGES = YES;
				COPY_PHASE_STRIP = NO;
				DEBUG_INFORMATION_FORMAT = dwarf;
				ENABLE_STRICT_OBJC_MSGSEND = YES;
				ENABLE_TESTABILITY = YES;
				GCC_C_LANGUAGE_STANDARD = gnu99;
				GCC_DYNAMIC_NO_PIC = NO;
				GCC_NO_COMMON_BLOCKS = YES;
				GCC_OPTIMIZATION_LEVEL = 0;
				GCC_PREPROCESSOR_DEFINITIONS = (
					"DEBUG=1",
					"$(inherited)",
				);
				GCC_WARN_64_TO_32_BIT_CONVERSION = YES;
				GCC_WARN_ABOUT_RETURN_TYPE = YES_ERROR;
				GCC_WARN_UNDECLARED_SELECTOR = YES;
				GCC_WARN_UNINITIALIZED_AUTOS = YES_AGGRESSIVE;
				GCC_WARN_UNUSED_FUNCTION = YES;
				GCC_WARN_UNUSED_VARIABLE = YES;
				INFOPLIST_FILE = "Codegen macOSUITests/Info.plist";
				LD_RUNPATH_SEARCH_PATHS = "$(inherited) @executable_path/../Frameworks @loader_path/../Frameworks";
				MACOSX_DEPLOYMENT_TARGET = 10.12;
				MTL_ENABLE_DEBUG_INFO = YES;
				ONLY_ACTIVE_ARCH = YES;
				PRODUCT_BUNDLE_IDENTIFIER = "xyz.chrisamanse.Codegen-macOSUITests";
				PRODUCT_NAME = "$(TARGET_NAME)";
				SDKROOT = macosx;
				SWIFT_ACTIVE_COMPILATION_CONDITIONS = DEBUG;
				SWIFT_OPTIMIZATION_LEVEL = "-Onone";
				SWIFT_VERSION = 3.0;
				TEST_TARGET_NAME = "Codegen macOS";
			};
			name = Debug;
		};
		DFE7F0971D95353F00B8E15B /* Release */ = {
			isa = XCBuildConfiguration;
			buildSettings = {
				ALWAYS_EMBED_SWIFT_STANDARD_LIBRARIES = YES;
				ALWAYS_SEARCH_USER_PATHS = NO;
				CLANG_ANALYZER_NONNULL = YES;
				CLANG_CXX_LANGUAGE_STANDARD = "gnu++0x";
				CLANG_CXX_LIBRARY = "libc++";
				CLANG_ENABLE_MODULES = YES;
				CLANG_ENABLE_OBJC_ARC = YES;
				CLANG_WARN_BOOL_CONVERSION = YES;
				CLANG_WARN_CONSTANT_CONVERSION = YES;
				CLANG_WARN_DIRECT_OBJC_ISA_USAGE = YES_ERROR;
				CLANG_WARN_DOCUMENTATION_COMMENTS = YES;
				CLANG_WARN_EMPTY_BODY = YES;
				CLANG_WARN_ENUM_CONVERSION = YES;
				CLANG_WARN_INFINITE_RECURSION = YES;
				CLANG_WARN_INT_CONVERSION = YES;
				CLANG_WARN_OBJC_ROOT_CLASS = YES_ERROR;
				CLANG_WARN_SUSPICIOUS_MOVES = YES;
				CLANG_WARN_UNREACHABLE_CODE = YES;
				CLANG_WARN__DUPLICATE_METHOD_MATCH = YES;
				CODE_SIGN_IDENTITY = "-";
				COMBINE_HIDPI_IMAGES = YES;
				COPY_PHASE_STRIP = NO;
				DEBUG_INFORMATION_FORMAT = "dwarf-with-dsym";
				ENABLE_NS_ASSERTIONS = NO;
				ENABLE_STRICT_OBJC_MSGSEND = YES;
				GCC_C_LANGUAGE_STANDARD = gnu99;
				GCC_NO_COMMON_BLOCKS = YES;
				GCC_WARN_64_TO_32_BIT_CONVERSION = YES;
				GCC_WARN_ABOUT_RETURN_TYPE = YES_ERROR;
				GCC_WARN_UNDECLARED_SELECTOR = YES;
				GCC_WARN_UNINITIALIZED_AUTOS = YES_AGGRESSIVE;
				GCC_WARN_UNUSED_FUNCTION = YES;
				GCC_WARN_UNUSED_VARIABLE = YES;
				INFOPLIST_FILE = "Codegen macOSUITests/Info.plist";
				LD_RUNPATH_SEARCH_PATHS = "$(inherited) @executable_path/../Frameworks @loader_path/../Frameworks";
				MACOSX_DEPLOYMENT_TARGET = 10.12;
				MTL_ENABLE_DEBUG_INFO = NO;
				PRODUCT_BUNDLE_IDENTIFIER = "xyz.chrisamanse.Codegen-macOSUITests";
				PRODUCT_NAME = "$(TARGET_NAME)";
				SDKROOT = macosx;
				SWIFT_OPTIMIZATION_LEVEL = "-Owholemodule";
				SWIFT_VERSION = 3.0;
				TEST_TARGET_NAME = "Codegen macOS";
			};
			name = Release;
		};
/* End XCBuildConfiguration section */

/* Begin XCConfigurationList section */
		DFE7F04F1D95345800B8E15B /* Build configuration list for PBXProject "Codegen" */ = {
			isa = XCConfigurationList;
			buildConfigurations = (
				DFE7F0501D95345800B8E15B /* Debug */,
				DFE7F0511D95345800B8E15B /* Release */,
			);
			defaultConfigurationIsVisible = 0;
			defaultConfigurationName = Release;
		};
		DFE7F0711D9534A000B8E15B /* Build configuration list for PBXNativeTarget "Codegen iOS" */ = {
			isa = XCConfigurationList;
			buildConfigurations = (
				DFE7F0721D9534A000B8E15B /* Debug */,
				DFE7F0731D9534A000B8E15B /* Release */,
			);
			defaultConfigurationIsVisible = 0;
			defaultConfigurationName = Release;
		};
		DFE7F0741D9534A000B8E15B /* Build configuration list for PBXNativeTarget "Codegen iOSUITests" */ = {
			isa = XCConfigurationList;
			buildConfigurations = (
				DFE7F0751D9534A000B8E15B /* Debug */,
				DFE7F0761D9534A000B8E15B /* Release */,
			);
			defaultConfigurationIsVisible = 0;
			defaultConfigurationName = Release;
		};
		DFE7F0921D95353F00B8E15B /* Build configuration list for PBXNativeTarget "Codegen macOS" */ = {
			isa = XCConfigurationList;
			buildConfigurations = (
				DFE7F0931D95353F00B8E15B /* Debug */,
				DFE7F0941D95353F00B8E15B /* Release */,
			);
			defaultConfigurationIsVisible = 0;
			defaultConfigurationName = Release;
		};
		DFE7F0951D95353F00B8E15B /* Build configuration list for PBXNativeTarget "Codegen macOSUITests" */ = {
			isa = XCConfigurationList;
			buildConfigurations = (
				DFE7F0961D95353F00B8E15B /* Debug */,
				DFE7F0971D95353F00B8E15B /* Release */,
			);
			defaultConfigurationIsVisible = 0;
			defaultConfigurationName = Release;
		};
/* End XCConfigurationList section */
	};
	rootObject = DFE7F04C1D95345800B8E15B /* Project object */;
}
